
Microsoft Visual Studio Solution File, Format Version 12.00
# Visual Studio Version 16
VisualStudioVersion = 16.0.30611.23
MinimumVisualStudioVersion = 10.0.40219.1
Project("{FAE04EC0-301F-11D3-BF4B-00C04F79EFBC}") = "GeoAggregator", "GeoAggregator.csproj", "{1EF914F6-DA0B-4296-8001-861499828AE7}"
EndProject
Global
	GlobalSection(SolutionConfigurationPlatforms) = preSolution
		Debug|Any CPU = Debug|Any CPU
		Release|Any CPU = Release|Any CPU
	EndGlobalSection
	GlobalSection(ProjectConfigurationPlatforms) = postSolution
		{1EF914F6-DA0B-4296-8001-861499828AE7}.Debug|Any CPU.ActiveCfg = Debug|Any CPU
		{1EF914F6-DA0B-4296-8001-861499828AE7}.Debug|Any CPU.Build.0 = Debug|Any CPU
		{1EF914F6-DA0B-4296-8001-861499828AE7}.Release|Any CPU.ActiveCfg = Release|Any CPU
		{1EF914F6-DA0B-4296-8001-861499828AE7}.Release|Any CPU.Build.0 = Release|Any CPU
	EndGlobalSection
	GlobalSection(SolutionProperties) = preSolution
		HideSolutionNode = FALSE
	EndGlobalSection
	GlobalSection(ExtensibilityGlobals) = postSolution
		SolutionGuid = {0B46BF56-F29E-4AF6-882D-FB438EF8DFF6}
	EndGlobalSection
EndGlobal
